
Microsoft Visual Studio Solution File, Format Version 12.00
# Visual Studio Version 17
VisualStudioVersion = 17.14.36414.22 d17.14
MinimumVisualStudioVersion = 10.0.40219.1
Project("{FAE04EC0-301F-11D3-BF4B-00C04F79EFBC}") = "Lab1_Homework_Kuznecov", "Lab1_Homework_Kuznecov.csproj", "{DDE1AFDC-30C6-4051-ADEF-59BF7CC6278A}"
EndProject
Global
	GlobalSection(SolutionConfigurationPlatforms) = preSolution
		Debug|Any CPU = Debug|Any CPU
		Release|Any CPU = Release|Any CPU
	EndGlobalSection
	GlobalSection(ProjectConfigurationPlatforms) = postSolution
		{DDE1AFDC-30C6-4051-ADEF-59BF7CC6278A}.Debug|Any CPU.ActiveCfg = Debug|Any CPU
		{DDE1AFDC-30C6-4051-ADEF-59BF7CC6278A}.Debug|Any CPU.Build.0 = Debug|Any CPU
		{DDE1AFDC-30C6-4051-ADEF-59BF7CC6278A}.Release|Any CPU.ActiveCfg = Release|Any CPU
		{DDE1AFDC-30C6-4051-ADEF-59BF7CC6278A}.Release|Any CPU.Build.0 = Release|Any CPU
	EndGlobalSection
	GlobalSection(SolutionProperties) = preSolution
		HideSolutionNode = FALSE
	EndGlobalSection
	GlobalSection(ExtensibilityGlobals) = postSolution
		SolutionGuid = {B1C7B234-77AF-4851-9E75-AF236259CF38}
	EndGlobalSection
EndGlobal
